
Microsoft Visual Studio Solution File, Format Version 12.00
# Visual Studio Version 17
VisualStudioVersion = 17.11.35222.181
MinimumVisualStudioVersion = 10.0.40219.1
Project("{FAE04EC0-301F-11D3-BF4B-00C04F79EFBC}") = "PFN", "PFN\PFN.csproj", "{B21E2653-5197-4847-B9B5-49E2E571CC33}"
EndProject
Global
	GlobalSection(SolutionConfigurationPlatforms) = preSolution
		Debug|Any CPU = Debug|Any CPU
		Release|Any CPU = Release|Any CPU
	EndGlobalSection
	GlobalSection(ProjectConfigurationPlatforms) = postSolution
		{B21E2653-5197-4847-B9B5-49E2E571CC33}.Debug|Any CPU.ActiveCfg = Debug|Any CPU
		{B21E2653-5197-4847-B9B5-49E2E571CC33}.Debug|Any CPU.Build.0 = Debug|Any CPU
		{B21E2653-5197-4847-B9B5-49E2E571CC33}.Release|Any CPU.ActiveCfg = Release|Any CPU
		{B21E2653-5197-4847-B9B5-49E2E571CC33}.Release|Any CPU.Build.0 = Release|Any CPU
	EndGlobalSection
	GlobalSection(SolutionProperties) = preSolution
		HideSolutionNode = FALSE
	EndGlobalSection
	GlobalSection(ExtensibilityGlobals) = postSolution
		SolutionGuid = {C446E98D-9C64-4A92-92FC-6965FDDD055C}
	EndGlobalSection
EndGlobal
